// !$*UTF8*$!
{
	archiveVersion = 1 ;
	classes = {
	}                  ;
	objectVersion = 77 ;
	objects = {

/* Begin PBXContainerItemProxy section */
		A90944D02E248E2D006C0B90 /* PBXContainerItemProxy */ = {
			isa = PBXContainerItemProxy                                     ;
			containerPortal = A90944B92E248E2C006C0B90 /* Project object */ ;
			proxyType = 1                                                   ;
			remoteGlobalIDString = A90944C02E248E2C006C0B90                 ;
			remoteInfo = cognition.curator                                  ;
		}                                                                ;
		A90944DA2E248E2D006C0B90 /* PBXContainerItemProxy */ = {
			isa = PBXContainerItemProxy                                     ;
			containerPortal = A90944B92E248E2C006C0B90 /* Project object */ ;
			proxyType = 1                                                   ;
			remoteGlobalIDString = A90944C02E248E2C006C0B90                 ;
			remoteInfo = cognition.curator                                  ;
		}                                                                ;
/* End PBXContainerItemProxy section */

/* Begin PBXFileReference section */
		A90944C12E248E2C006C0B90 /* cognition.curator.app */ = {isa = PBXFileReference           ; explicitFileType = wrapper.application; includeInIndex = 0; path = cognition.curator.app; sourceTree = BUILT_PRODUCTS_DIR; };
		A90944CF2E248E2D006C0B90 /* cognition.curatorTests.xctest */ = {isa = PBXFileReference   ; explicitFileType = wrapper.cfbundle; includeInIndex = 0; path = cognition.curatorTests.xctest; sourceTree = BUILT_PRODUCTS_DIR; };
		A90944D92E248E2D006C0B90 /* cognition.curatorUITests.xctest */ = {isa = PBXFileReference ; explicitFileType = wrapper.cfbundle; includeInIndex = 0; path = cognition.curatorUITests.xctest; sourceTree = BUILT_PRODUCTS_DIR; };
/* End PBXFileReference section */

/* Begin PBXFileSystemSynchronizedRootGroup section */
		A90944C32E248E2C006C0B90 /* cognition.curator */ = {
			isa = PBXFileSystemSynchronizedRootGroup                   ;
			path = cognition.curator                                   ;
			sourceTree = "<group>";
		}                                                           ;
		A90944D22E248E2D006C0B90 /* cognition.curatorTests */ = {
			isa = PBXFileSystemSynchronizedRootGroup                   ;
			path = cognition.curatorTests                              ;
			sourceTree = "<group>";
		}                                                           ;
		A90944DC2E248E2D006C0B90 /* cognition.curatorUITests */ = {
			isa = PBXFileSystemSynchronizedRootGroup                   ;
			path = cognition.curatorUITests                            ;
			sourceTree = "<group>";
		}                                                           ;
/* End PBXFileSystemSynchronizedRootGroup section */

/* Begin PBXFrameworksBuildPhase section */
		A90944BE2E248E2C006C0B90 /* Frameworks */ = {
			isa = PBXFrameworksBuildPhase                ;
			buildActionMask = 2147483647                 ;
			files = (
			)                                            ;
			runOnlyForDeploymentPostprocessing = 0       ;
		}                                             ;
		A90944CC2E248E2D006C0B90 /* Frameworks */ = {
			isa = PBXFrameworksBuildPhase                ;
			buildActionMask = 2147483647                 ;
			files = (
			)                                            ;
			runOnlyForDeploymentPostprocessing = 0       ;
		}                                             ;
		A90944D62E248E2D006C0B90 /* Frameworks */ = {
			isa = PBXFrameworksBuildPhase                ;
			buildActionMask = 2147483647                 ;
			files = (
			)                                            ;
			runOnlyForDeploymentPostprocessing = 0       ;
		}                                             ;
/* End PBXFrameworksBuildPhase section */

/* Begin PBXGroup section */
		A90944B82E248E2C006C0B90 = {
			isa = PBXGroup                                                   ;
			children = (
				A90944C32E248E2C006C0B90 /* cognition.curator */,
				A90944D22E248E2D006C0B90 /* cognition.curatorTests */,
				A90944DC2E248E2D006C0B90 /* cognition.curatorUITests */,
				A90944C22E248E2C006C0B90 /* Products */,
			)                                                                ;
			sourceTree = "<group>";
		}                                                                 ;
		A90944C22E248E2C006C0B90 /* Products */ = {
			isa = PBXGroup                                                   ;
			children = (
				A90944C12E248E2C006C0B90 /* cognition.curator.app */,
				A90944CF2E248E2D006C0B90 /* cognition.curatorTests.xctest */,
				A90944D92E248E2D006C0B90 /* cognition.curatorUITests.xctest */,
			)                                                                ;
			name = Products                                                  ;
			sourceTree = "<group>";
		}                                                                 ;
/* End PBXGroup section */

/* Begin PBXNativeTarget section */
		A90944C02E248E2C006C0B90 /* cognition.curator */ = {
			isa = PBXNativeTarget                                                                                                           ;
			buildConfigurationList = A90944E32E248E2D006C0B90 /* Build configuration list for PBXNativeTarget "cognition.curator" */        ;
			buildPhases = (
				A90944BD2E248E2C006C0B90 /* Sources */,
				A90944BE2E248E2C006C0B90 /* Frameworks */,
				A90944BF2E248E2C006C0B90 /* Resources */,
			)                                                                                                                               ;
			buildRules = (
			)                                                                                                                               ;
			dependencies = (
			)                                                                                                                               ;
			fileSystemSynchronizedGroups = (
				A90944C32E248E2C006C0B90 /* cognition.curator */,
			)                                                                                                                               ;
			name = cognition.curator                                                                                                        ;
			packageProductDependencies = (
			)                                                                                                                               ;
			productName = cognition.curator                                                                                                 ;
			productReference = A90944C12E248E2C006C0B90 /* cognition.curator.app */                                                         ;
			productType = "com.apple.product-type.application";
		}                                                                                                                                ;
		A90944CE2E248E2D006C0B90 /* cognition.curatorTests */ = {
			isa = PBXNativeTarget                                                                                                           ;
			buildConfigurationList = A90944E62E248E2D006C0B90 /* Build configuration list for PBXNativeTarget "cognition.curatorTests" */   ;
			buildPhases = (
				A90944CB2E248E2D006C0B90 /* Sources */,
				A90944CC2E248E2D006C0B90 /* Frameworks */,
				A90944CD2E248E2D006C0B90 /* Resources */,
			)                                                                                                                               ;
			buildRules = (
			)                                                                                                                               ;
			dependencies = (
				A90944D12E248E2D006C0B90 /* PBXTargetDependency */,
			)                                                                                                                               ;
			fileSystemSynchronizedGroups = (
				A90944D22E248E2D006C0B90 /* cognition.curatorTests */,
			)                                                                                                                               ;
			name = cognition.curatorTests                                                                                                   ;
			packageProductDependencies = (
			)                                                                                                                               ;
			productName = cognition.curatorTests                                                                                            ;
			productReference = A90944CF2E248E2D006C0B90 /* cognition.curatorTests.xctest */                                                 ;
			productType = "com.apple.product-type.bundle.unit-test";
		}                                                                                                                                ;
		A90944D82E248E2D006C0B90 /* cognition.curatorUITests */ = {
			isa = PBXNativeTarget                                                                                                           ;
			buildConfigurationList = A90944E92E248E2D006C0B90 /* Build configuration list for PBXNativeTarget "cognition.curatorUITests" */ ;
			buildPhases = (
				A90944D52E248E2D006C0B90 /* Sources */,
				A90944D62E248E2D006C0B90 /* Frameworks */,
				A90944D72E248E2D006C0B90 /* Resources */,
			)                                                                                                                               ;
			buildRules = (
			)                                                                                                                               ;
			dependencies = (
				A90944DB2E248E2D006C0B90 /* PBXTargetDependency */,
			)                                                                                                                               ;
			fileSystemSynchronizedGroups = (
				A90944DC2E248E2D006C0B90 /* cognition.curatorUITests */,
			)                                                                                                                               ;
			name = cognition.curatorUITests                                                                                                 ;
			packageProductDependencies = (
			)                                                                                                                               ;
			productName = cognition.curatorUITests                                                                                          ;
			productReference = A90944D92E248E2D006C0B90 /* cognition.curatorUITests.xctest */                                               ;
			productType = "com.apple.product-type.bundle.ui-testing";
		}                                                                                                                                ;
/* End PBXNativeTarget section */

/* Begin PBXProject section */
		A90944B92E248E2C006C0B90 /* Project object */ = {
			isa = PBXProject                                                                                                    ;
			attributes = {
				BuildIndependentTargetsInParallel = 1                                                                              ;
				LastSwiftUpdateCheck = 1630                                                                                        ;
				LastUpgradeCheck = 1630                                                                                            ;
				TargetAttributes = {
					A90944C02E248E2C006C0B90 = {
						CreatedOnToolsVersion = 16.3                                                                                     ;
					}                                                                                                                 ;
					A90944CE2E248E2D006C0B90 = {
						CreatedOnToolsVersion = 16.3                                                                                     ;
						TestTargetID = A90944C02E248E2C006C0B90                                                                          ;
					}                                                                                                                 ;
					A90944D82E248E2D006C0B90 = {
						CreatedOnToolsVersion = 16.3                                                                                     ;
						TestTargetID = A90944C02E248E2C006C0B90                                                                          ;
					}                                                                                                                 ;
				}                                                                                                                  ;
			}                                                                                                                   ;
			buildConfigurationList = A90944BC2E248E2C006C0B90 /* Build configuration list for PBXProject "cognition.curator" */ ;
			developmentRegion = en                                                                                              ;
			hasScannedForEncodings = 0                                                                                          ;
			knownRegions = (
				en,
				Base,
			)                                                                                                                   ;
			mainGroup = A90944B82E248E2C006C0B90                                                                                ;
			minimizedProjectReferenceProxies = 1                                                                                ;
			preferredProjectObjectVersion = 77                                                                                  ;
			productRefGroup = A90944C22E248E2C006C0B90 /* Products */                                                           ;
			projectDirPath = "";
			projectRoot = "";
			targets = (
				A90944C02E248E2C006C0B90 /* cognition.curator */,
				A90944CE2E248E2D006C0B90 /* cognition.curatorTests */,
				A90944D82E248E2D006C0B90 /* cognition.curatorUITests */,
			)                                                                                                                   ;
		}                                                                                                                    ;
/* End PBXProject section */

/* Begin PBXResourcesBuildPhase section */
		A90944BF2E248E2C006C0B90 /* Resources */ = {
			isa = PBXResourcesBuildPhase                ;
			buildActionMask = 2147483647                ;
			files = (
			)                                           ;
			runOnlyForDeploymentPostprocessing = 0      ;
		}                                            ;
		A90944CD2E248E2D006C0B90 /* Resources */ = {
			isa = PBXResourcesBuildPhase                ;
			buildActionMask = 2147483647                ;
			files = (
			)                                           ;
			runOnlyForDeploymentPostprocessing = 0      ;
		}                                            ;
		A90944D72E248E2D006C0B90 /* Resources */ = {
			isa = PBXResourcesBuildPhase                ;
			buildActionMask = 2147483647                ;
			files = (
			)                                           ;
			runOnlyForDeploymentPostprocessing = 0      ;
		}                                            ;
/* End PBXResourcesBuildPhase section */

/* Begin PBXSourcesBuildPhase section */
		A90944BD2E248E2C006C0B90 /* Sources */ = {
			isa = PBXSourcesBuildPhase                ;
			buildActionMask = 2147483647              ;
			files = (
			)                                         ;
			runOnlyForDeploymentPostprocessing = 0    ;
		}                                          ;
		A90944CB2E248E2D006C0B90 /* Sources */ = {
			isa = PBXSourcesBuildPhase                ;
			buildActionMask = 2147483647              ;
			files = (
			)                                         ;
			runOnlyForDeploymentPostprocessing = 0    ;
		}                                          ;
		A90944D52E248E2D006C0B90 /* Sources */ = {
			isa = PBXSourcesBuildPhase                ;
			buildActionMask = 2147483647              ;
			files = (
			)                                         ;
			runOnlyForDeploymentPostprocessing = 0    ;
		}                                          ;
/* End PBXSourcesBuildPhase section */

/* Begin PBXTargetDependency section */
		A90944D12E248E2D006C0B90 /* PBXTargetDependency */ = {
			isa = PBXTargetDependency                                          ;
			target = A90944C02E248E2C006C0B90 /* cognition.curator */          ;
			targetProxy = A90944D02E248E2D006C0B90 /* PBXContainerItemProxy */ ;
		}                                                                   ;
		A90944DB2E248E2D006C0B90 /* PBXTargetDependency */ = {
			isa = PBXTargetDependency                                          ;
			target = A90944C02E248E2C006C0B90 /* cognition.curator */          ;
			targetProxy = A90944DA2E248E2D006C0B90 /* PBXContainerItemProxy */ ;
		}                                                                   ;
/* End PBXTargetDependency section */

/* Begin XCBuildConfiguration section */
		A90944E12E248E2D006C0B90 /* Debug */ = {
			isa = XCBuildConfiguration                                                                                                                                                                                 ;
			buildSettings = {
				ALWAYS_SEARCH_USER_PATHS = NO                                                                                                                                                                             ;
				ASSETCATALOG_COMPILER_GENERATE_SWIFT_ASSET_SYMBOL_EXTENSIONS = YES                                                                                                                                        ;
				CLANG_ANALYZER_NONNULL = YES                                                                                                                                                                              ;
				CLANG_ANALYZER_NUMBER_OBJECT_CONVERSION = YES_AGGRESSIVE                                                                                                                                                  ;
				CLANG_CXX_LANGUAGE_STANDARD = "gnu++20";
				CLANG_ENABLE_MODULES = YES                                                                                                                                                                                ;
				CLANG_ENABLE_OBJC_ARC = YES                                                                                                                                                                               ;
				CLANG_ENABLE_OBJC_WEAK = YES                                                                                                                                                                              ;
				CLANG_WARN_BLOCK_CAPTURE_AUTORELEASING = YES                                                                                                                                                              ;
				CLANG_WARN_BOOL_CONVERSION = YES                                                                                                                                                                          ;
				CLANG_WARN_COMMA = YES                                                                                                                                                                                    ;
				CLANG_WARN_CONSTANT_CONVERSION = YES                                                                                                                                                                      ;
				CLANG_WARN_DEPRECATED_OBJC_IMPLEMENTATIONS = YES                                                                                                                                                          ;
				CLANG_WARN_DIRECT_OBJC_ISA_USAGE = YES_ERROR                                                                                                                                                              ;
				CLANG_WARN_DOCUMENTATION_COMMENTS = YES                                                                                                                                                                   ;
				CLANG_WARN_EMPTY_BODY = YES                                                                                                                                                                               ;
				CLANG_WARN_ENUM_CONVERSION = YES                                                                                                                                                                          ;
				CLANG_WARN_INFINITE_RECURSION = YES                                                                                                                                                                       ;
				CLANG_WARN_INT_CONVERSION = YES                                                                                                                                                                           ;
				CLANG_WARN_NON_LITERAL_NULL_CONVERSION = YES                                                                                                                                                              ;
				CLANG_WARN_OBJC_IMPLICIT_RETAIN_SELF = YES                                                                                                                                                                ;
				CLANG_WARN_OBJC_LITERAL_CONVERSION = YES                                                                                                                                                                  ;
				CLANG_WARN_OBJC_ROOT_CLASS = YES_ERROR                                                                                                                                                                    ;
				CLANG_WARN_QUOTED_INCLUDE_IN_FRAMEWORK_HEADER = YES                                                                                                                                                       ;
				CLANG_WARN_RANGE_LOOP_ANALYSIS = YES                                                                                                                                                                      ;
				CLANG_WARN_STRICT_PROTOTYPES = YES                                                                                                                                                                        ;
				CLANG_WARN_SUSPICIOUS_MOVE = YES                                                                                                                                                                          ;
				CLANG_WARN_UNGUARDED_AVAILABILITY = YES_AGGRESSIVE                                                                                                                                                        ;
				CLANG_WARN_UNREACHABLE_CODE = YES                                                                                                                                                                         ;
				CLANG_WARN__DUPLICATE_METHOD_MATCH = YES                                                                                                                                                                  ;
				COPY_PHASE_STRIP = NO                                                                                                                                                                                     ;
				DEBUG_INFORMATION_FORMAT = dwarf                                                                                                                                                                          ;
				DEVELOPMENT_TEAM = KF8643NB33                                                                                                                                                                             ;
				ENABLE_STRICT_OBJC_MSGSEND = YES                                                                                                                                                                          ;
				ENABLE_TESTABILITY = YES                                                                                                                                                                                  ;
				ENABLE_USER_SCRIPT_SANDBOXING = YES                                                                                                                                                                       ;
				GCC_C_LANGUAGE_STANDARD = gnu17                                                                                                                                                                           ;
				GCC_DYNAMIC_NO_PIC = NO                                                                                                                                                                                   ;
				GCC_NO_COMMON_BLOCKS = YES                                                                                                                                                                                ;
				GCC_OPTIMIZATION_LEVEL = 0                                                                                                                                                                                ;
				GCC_PREPROCESSOR_DEFINITIONS = (
					"DEBUG=1",
					"$(inherited)",
				)                                                                                                                                                                                                         ;
				GCC_WARN_64_TO_32_BIT_CONVERSION = YES                                                                                                                                                                    ;
				GCC_WARN_ABOUT_RETURN_TYPE = YES_ERROR                                                                                                                                                                    ;
				GCC_WARN_UNDECLARED_SELECTOR = YES                                                                                                                                                                        ;
				GCC_WARN_UNINITIALIZED_AUTOS = YES_AGGRESSIVE                                                                                                                                                             ;
				GCC_WARN_UNUSED_FUNCTION = YES                                                                                                                                                                            ;
				GCC_WARN_UNUSED_VARIABLE = YES                                                                                                                                                                            ;
				LOCALIZATION_PREFERS_STRING_CATALOGS = YES                                                                                                                                                                ;
				MTL_ENABLE_DEBUG_INFO = INCLUDE_SOURCE                                                                                                                                                                    ;
				MTL_FAST_MATH = YES                                                                                                                                                                                       ;
				ONLY_ACTIVE_ARCH = YES                                                                                                                                                                                    ;
				SWIFT_ACTIVE_COMPILATION_CONDITIONS = "DEBUG $(inherited)";
				SWIFT_OPTIMIZATION_LEVEL = "-Onone";
			}                                                                                                                                                                                                          ;
			name = Debug                                                                                                                                                                                               ;
		}                                                                                                                                                                                                           ;
		A90944E22E248E2D006C0B90 /* Release */ = {
			isa = XCBuildConfiguration                                                                                                                                                                                 ;
			buildSettings = {
				ALWAYS_SEARCH_USER_PATHS = NO                                                                                                                                                                             ;
				ASSETCATALOG_COMPILER_GENERATE_SWIFT_ASSET_SYMBOL_EXTENSIONS = YES                                                                                                                                        ;
				CLANG_ANALYZER_NONNULL = YES                                                                                                                                                                              ;
				CLANG_ANALYZER_NUMBER_OBJECT_CONVERSION = YES_AGGRESSIVE                                                                                                                                                  ;
				CLANG_CXX_LANGUAGE_STANDARD = "gnu++20";
				CLANG_ENABLE_MODULES = YES                                                                                                                                                                                ;
				CLANG_ENABLE_OBJC_ARC = YES                                                                                                                                                                               ;
				CLANG_ENABLE_OBJC_WEAK = YES                                                                                                                                                                              ;
				CLANG_WARN_BLOCK_CAPTURE_AUTORELEASING = YES                                                                                                                                                              ;
				CLANG_WARN_BOOL_CONVERSION = YES                                                                                                                                                                          ;
				CLANG_WARN_COMMA = YES                                                                                                                                                                                    ;
				CLANG_WARN_CONSTANT_CONVERSION = YES                                                                                                                                                                      ;
				CLANG_WARN_DEPRECATED_OBJC_IMPLEMENTATIONS = YES                                                                                                                                                          ;
				CLANG_WARN_DIRECT_OBJC_ISA_USAGE = YES_ERROR                                                                                                                                                              ;
				CLANG_WARN_DOCUMENTATION_COMMENTS = YES                                                                                                                                                                   ;
				CLANG_WARN_EMPTY_BODY = YES                                                                                                                                                                               ;
				CLANG_WARN_ENUM_CONVERSION = YES                                                                                                                                                                          ;
				CLANG_WARN_INFINITE_RECURSION = YES                                                                                                                                                                       ;
				CLANG_WARN_INT_CONVERSION = YES                                                                                                                                                                           ;
				CLANG_WARN_NON_LITERAL_NULL_CONVERSION = YES                                                                                                                                                              ;
				CLANG_WARN_OBJC_IMPLICIT_RETAIN_SELF = YES                                                                                                                                                                ;
				CLANG_WARN_OBJC_LITERAL_CONVERSION = YES                                                                                                                                                                  ;
				CLANG_WARN_OBJC_ROOT_CLASS = YES_ERROR                                                                                                                                                                    ;
				CLANG_WARN_QUOTED_INCLUDE_IN_FRAMEWORK_HEADER = YES                                                                                                                                                       ;
				CLANG_WARN_RANGE_LOOP_ANALYSIS = YES                                                                                                                                                                      ;
				CLANG_WARN_STRICT_PROTOTYPES = YES                                                                                                                                                                        ;
				CLANG_WARN_SUSPICIOUS_MOVE = YES                                                                                                                                                                          ;
				CLANG_WARN_UNGUARDED_AVAILABILITY = YES_AGGRESSIVE                                                                                                                                                        ;
				CLANG_WARN_UNREACHABLE_CODE = YES                                                                                                                                                                         ;
				CLANG_WARN__DUPLICATE_METHOD_MATCH = YES                                                                                                                                                                  ;
				COPY_PHASE_STRIP = NO                                                                                                                                                                                     ;
				DEBUG_INFORMATION_FORMAT = "dwarf-with-dsym";
				DEVELOPMENT_TEAM = KF8643NB33                                                                                                                                                                             ;
				ENABLE_NS_ASSERTIONS = NO                                                                                                                                                                                 ;
				ENABLE_STRICT_OBJC_MSGSEND = YES                                                                                                                                                                          ;
				ENABLE_USER_SCRIPT_SANDBOXING = YES                                                                                                                                                                       ;
				GCC_C_LANGUAGE_STANDARD = gnu17                                                                                                                                                                           ;
				GCC_NO_COMMON_BLOCKS = YES                                                                                                                                                                                ;
				GCC_WARN_64_TO_32_BIT_CONVERSION = YES                                                                                                                                                                    ;
				GCC_WARN_ABOUT_RETURN_TYPE = YES_ERROR                                                                                                                                                                    ;
				GCC_WARN_UNDECLARED_SELECTOR = YES                                                                                                                                                                        ;
				GCC_WARN_UNINITIALIZED_AUTOS = YES_AGGRESSIVE                                                                                                                                                             ;
				GCC_WARN_UNUSED_FUNCTION = YES                                                                                                                                                                            ;
				GCC_WARN_UNUSED_VARIABLE = YES                                                                                                                                                                            ;
				LOCALIZATION_PREFERS_STRING_CATALOGS = YES                                                                                                                                                                ;
				MTL_ENABLE_DEBUG_INFO = NO                                                                                                                                                                                ;
				MTL_FAST_MATH = YES                                                                                                                                                                                       ;
				SWIFT_COMPILATION_MODE = wholemodule                                                                                                                                                                      ;
			}                                                                                                                                                                                                          ;
			name = Release                                                                                                                                                                                             ;
		}                                                                                                                                                                                                           ;
		A90944E42E248E2D006C0B90 /* Debug */ = {
			isa = XCBuildConfiguration                                                                                                                                                                                 ;
			buildSettings = {
				ASSETCATALOG_COMPILER_APPICON_NAME = AppIcon                                                                                                                                                              ;
				ASSETCATALOG_COMPILER_GLOBAL_ACCENT_COLOR_NAME = AccentColor                                                                                                                                              ;
				CODE_SIGN_ENTITLEMENTS = cognition.curator/cognition_curator.entitlements                                                                                                                                 ;
				CODE_SIGN_STYLE = Automatic                                                                                                                                                                               ;
				CURRENT_PROJECT_VERSION = 1                                                                                                                                                                               ;
				DEVELOPMENT_TEAM = KF8643NB33                                                                                                                                                                             ;
				ENABLE_HARDENED_RUNTIME = YES                                                                                                                                                                             ;
				ENABLE_PREVIEWS = YES                                                                                                                                                                                     ;
				GENERATE_INFOPLIST_FILE = YES                                                                                                                                                                             ;
				INFOPLIST_KEY_CFBundleDisplayName = "Recollect AI";
				INFOPLIST_KEY_LSApplicationCategoryType = "public.app-category.productivity";
				"INFOPLIST_KEY_UIApplicationSceneManifest_Generation[sdk=iphoneos*]" = YES                                                                                                                                ;
				"INFOPLIST_KEY_UIApplicationSceneManifest_Generation[sdk=iphonesimulator*]" = YES                                                                                                                         ;
				"INFOPLIST_KEY_UIApplicationSupportsIndirectInputEvents[sdk=iphoneos*]" = YES                                                                                                                             ;
				"INFOPLIST_KEY_UIApplicationSupportsIndirectInputEvents[sdk=iphonesimulator*]" = YES                                                                                                                      ;
				"INFOPLIST_KEY_UILaunchScreen_Generation[sdk=iphoneos*]" = YES                                                                                                                                            ;
				"INFOPLIST_KEY_UILaunchScreen_Generation[sdk=iphonesimulator*]" = YES                                                                                                                                     ;
				"INFOPLIST_KEY_UIStatusBarStyle[sdk=iphoneos*]" = UIStatusBarStyleDefault                                                                                                                                 ;
				"INFOPLIST_KEY_UIStatusBarStyle[sdk=iphonesimulator*]" = UIStatusBarStyleDefault                                                                                                                          ;
				INFOPLIST_KEY_ITSAppUsesNonExemptEncryption = NO                                                                                                                                                          ;
				INFOPLIST_KEY_UISupportedInterfaceOrientations_iPad = "UIInterfaceOrientationPortrait UIInterfaceOrientationPortraitUpsideDown UIInterfaceOrientationLandscapeLeft UIInterfaceOrientationLandscapeRight";
				INFOPLIST_KEY_UISupportedInterfaceOrientations_iPhone = "UIInterfaceOrientationPortrait UIInterfaceOrientationLandscapeLeft UIInterfaceOrientationLandscapeRight";
				IPHONEOS_DEPLOYMENT_TARGET = 18.4                                                                                                                                                                         ;
				LD_RUNPATH_SEARCH_PATHS = "@executable_path/Frameworks";
				"LD_RUNPATH_SEARCH_PATHS[sdk=macosx*]" = "@executable_path/../Frameworks";
				MACOSX_DEPLOYMENT_TARGET = 15.4                                                                                                                                                                           ;
				MARKETING_VERSION = 1.0                                                                                                                                                                                   ;
				PRODUCT_BUNDLE_IDENTIFIER = "collect.software.cognition-curator";
				PRODUCT_NAME = "$(TARGET_NAME)";
				REGISTER_APP_GROUPS = YES                                                                                                                                                                                 ;
				SDKROOT = auto                                                                                                                                                                                            ;
				SUPPORTED_PLATFORMS = "iphoneos iphonesimulator";
				SUPPORTS_MACCATALYST = NO                                                                                                                                                                                 ;
				SWIFT_EMIT_LOC_STRINGS = YES                                                                                                                                                                              ;
				SWIFT_VERSION = 5.0                                                                                                                                                                                       ;
				TARGETED_DEVICE_FAMILY = "1,2";
				XROS_DEPLOYMENT_TARGET = 2.4                                                                                                                                                                              ;
			}                                                                                                                                                                                                          ;
			name = Debug                                                                                                                                                                                               ;
		}                                                                                                                                                                                                           ;
		A90944E52E248E2D006C0B90 /* Release */ = {
			isa = XCBuildConfiguration                                                                                                                                                                                 ;
			buildSettings = {
				ASSETCATALOG_COMPILER_APPICON_NAME = AppIcon                                                                                                                                                              ;
				ASSETCATALOG_COMPILER_GLOBAL_ACCENT_COLOR_NAME = AccentColor                                                                                                                                              ;
				CODE_SIGN_ENTITLEMENTS = cognition.curator/cognition_curator.entitlements                                                                                                                                 ;
				CODE_SIGN_STYLE = Automatic                                                                                                                                                                               ;
				CURRENT_PROJECT_VERSION = 1                                                                                                                                                                               ;
				DEVELOPMENT_TEAM = KF8643NB33                                                                                                                                                                             ;
				ENABLE_HARDENED_RUNTIME = YES                                                                                                                                                                             ;
				ENABLE_PREVIEWS = YES                                                                                                                                                                                     ;
				GENERATE_INFOPLIST_FILE = YES                                                                                                                                                                             ;
				INFOPLIST_KEY_CFBundleDisplayName = "Recollect AI";
				INFOPLIST_KEY_LSApplicationCategoryType = "public.app-category.productivity";
				"INFOPLIST_KEY_UIApplicationSceneManifest_Generation[sdk=iphoneos*]" = YES                                                                                                                                ;
				"INFOPLIST_KEY_UIApplicationSceneManifest_Generation[sdk=iphonesimulator*]" = YES                                                                                                                         ;
				"INFOPLIST_KEY_UIApplicationSupportsIndirectInputEvents[sdk=iphoneos*]" = YES                                                                                                                             ;
				"INFOPLIST_KEY_UIApplicationSupportsIndirectInputEvents[sdk=iphonesimulator*]" = YES                                                                                                                      ;
				"INFOPLIST_KEY_UILaunchScreen_Generation[sdk=iphoneos*]" = YES                                                                                                                                            ;
				"INFOPLIST_KEY_UILaunchScreen_Generation[sdk=iphonesimulator*]" = YES                                                                                                                                     ;
				"INFOPLIST_KEY_UIStatusBarStyle[sdk=iphoneos*]" = UIStatusBarStyleDefault                                                                                                                                 ;
				"INFOPLIST_KEY_UIStatusBarStyle[sdk=iphonesimulator*]" = UIStatusBarStyleDefault                                                                                                                          ;
				INFOPLIST_KEY_UISupportedInterfaceOrientations_iPad = "UIInterfaceOrientationPortrait UIInterfaceOrientationPortraitUpsideDown UIInterfaceOrientationLandscapeLeft UIInterfaceOrientationLandscapeRight";
				INFOPLIST_KEY_UISupportedInterfaceOrientations_iPhone = "UIInterfaceOrientationPortrait UIInterfaceOrientationLandscapeLeft UIInterfaceOrientationLandscapeRight";
				IPHONEOS_DEPLOYMENT_TARGET = 18.4                                                                                                                                                                         ;
				LD_RUNPATH_SEARCH_PATHS = "@executable_path/Frameworks";
				"LD_RUNPATH_SEARCH_PATHS[sdk=macosx*]" = "@executable_path/../Frameworks";
				MACOSX_DEPLOYMENT_TARGET = 15.4                                                                                                                                                                           ;
				MARKETING_VERSION = 1.0                                                                                                                                                                                   ;
				PRODUCT_BUNDLE_IDENTIFIER = "collect.software.cognition-curator";
				PRODUCT_NAME = "$(TARGET_NAME)";
				REGISTER_APP_GROUPS = YES                                                                                                                                                                                 ;
				SDKROOT = auto                                                                                                                                                                                            ;
				SUPPORTED_PLATFORMS = "iphoneos iphonesimulator";
				SUPPORTS_MACCATALYST = NO                                                                                                                                                                                 ;
				SWIFT_EMIT_LOC_STRINGS = YES                                                                                                                                                                              ;
				SWIFT_VERSION = 5.0                                                                                                                                                                                       ;
				TARGETED_DEVICE_FAMILY = "1,2";
				XROS_DEPLOYMENT_TARGET = 2.4                                                                                                                                                                              ;
			}                                                                                                                                                                                                          ;
			name = Release                                                                                                                                                                                             ;
		}                                                                                                                                                                                                           ;
		A90944E72E248E2D006C0B90 /* Debug */ = {
			isa = XCBuildConfiguration                                                                                                                                                                                 ;
			buildSettings = {
				BUNDLE_LOADER = "$(TEST_HOST)";
				CODE_SIGN_STYLE = Automatic                                                                                                                                                                               ;
				CURRENT_PROJECT_VERSION = 1                                                                                                                                                                               ;
				DEVELOPMENT_TEAM = KF8643NB33                                                                                                                                                                             ;
				GENERATE_INFOPLIST_FILE = YES                                                                                                                                                                             ;
				IPHONEOS_DEPLOYMENT_TARGET = 18.4                                                                                                                                                                         ;
				MACOSX_DEPLOYMENT_TARGET = 15.4                                                                                                                                                                           ;
				MARKETING_VERSION = 1.0                                                                                                                                                                                   ;
				PRODUCT_BUNDLE_IDENTIFIER = "collect.software.cognition-curatorTests";
				PRODUCT_NAME = "$(TARGET_NAME)";
				SDKROOT = auto                                                                                                                                                                                            ;
				SUPPORTED_PLATFORMS = "iphoneos iphonesimulator macosx xros xrsimulator";
				SWIFT_EMIT_LOC_STRINGS = NO                                                                                                                                                                               ;
				SWIFT_VERSION = 5.0                                                                                                                                                                                       ;
				TARGETED_DEVICE_FAMILY = "1,2,7";
				TEST_HOST = "$(BUILT_PRODUCTS_DIR)/cognition.curator.app/$(BUNDLE_EXECUTABLE_FOLDER_PATH)/cognition.curator";
				XROS_DEPLOYMENT_TARGET = 2.4                                                                                                                                                                              ;
			}                                                                                                                                                                                                          ;
			name = Debug                                                                                                                                                                                               ;
		}                                                                                                                                                                                                           ;
		A90944E82E248E2D006C0B90 /* Release */ = {
			isa = XCBuildConfiguration                                                                                                                                                                                 ;
			buildSettings = {
				BUNDLE_LOADER = "$(TEST_HOST)";
				CODE_SIGN_STYLE = Automatic                                                                                                                                                                               ;
				CURRENT_PROJECT_VERSION = 1                                                                                                                                                                               ;
				DEVELOPMENT_TEAM = KF8643NB33                                                                                                                                                                             ;
				GENERATE_INFOPLIST_FILE = YES                                                                                                                                                                             ;
				IPHONEOS_DEPLOYMENT_TARGET = 18.4                                                                                                                                                                         ;
				MACOSX_DEPLOYMENT_TARGET = 15.4                                                                                                                                                                           ;
				MARKETING_VERSION = 1.0                                                                                                                                                                                   ;
				PRODUCT_BUNDLE_IDENTIFIER = "collect.software.cognition-curatorTests";
				PRODUCT_NAME = "$(TARGET_NAME)";
				SDKROOT = auto                                                                                                                                                                                            ;
				SUPPORTED_PLATFORMS = "iphoneos iphonesimulator macosx xros xrsimulator";
				SWIFT_EMIT_LOC_STRINGS = NO                                                                                                                                                                               ;
				SWIFT_VERSION = 5.0                                                                                                                                                                                       ;
				TARGETED_DEVICE_FAMILY = "1,2,7";
				TEST_HOST = "$(BUILT_PRODUCTS_DIR)/cognition.curator.app/$(BUNDLE_EXECUTABLE_FOLDER_PATH)/cognition.curator";
				XROS_DEPLOYMENT_TARGET = 2.4                                                                                                                                                                              ;
			}                                                                                                                                                                                                          ;
			name = Release                                                                                                                                                                                             ;
		}                                                                                                                                                                                                           ;
		A90944EA2E248E2D006C0B90 /* Debug */ = {
			isa = XCBuildConfiguration                                                                                                                                                                                 ;
			buildSettings = {
				CODE_SIGN_STYLE = Automatic                                                                                                                                                                               ;
				CURRENT_PROJECT_VERSION = 1                                                                                                                                                                               ;
				DEVELOPMENT_TEAM = KF8643NB33                                                                                                                                                                             ;
				GENERATE_INFOPLIST_FILE = YES                                                                                                                                                                             ;
				IPHONEOS_DEPLOYMENT_TARGET = 18.4                                                                                                                                                                         ;
				MACOSX_DEPLOYMENT_TARGET = 15.4                                                                                                                                                                           ;
				MARKETING_VERSION = 1.0                                                                                                                                                                                   ;
				PRODUCT_BUNDLE_IDENTIFIER = "collect.software.cognition-curatorUITests";
				PRODUCT_NAME = "$(TARGET_NAME)";
				SDKROOT = auto                                                                                                                                                                                            ;
				SUPPORTED_PLATFORMS = "iphoneos iphonesimulator macosx xros xrsimulator";
				SWIFT_EMIT_LOC_STRINGS = NO                                                                                                                                                                               ;
				SWIFT_VERSION = 5.0                                                                                                                                                                                       ;
				TARGETED_DEVICE_FAMILY = "1,2,7";
				TEST_TARGET_NAME = cognition.curator                                                                                                                                                                      ;
				XROS_DEPLOYMENT_TARGET = 2.4                                                                                                                                                                              ;
			}                                                                                                                                                                                                          ;
			name = Debug                                                                                                                                                                                               ;
		}                                                                                                                                                                                                           ;
		A90944EB2E248E2D006C0B90 /* Release */ = {
			isa = XCBuildConfiguration                                                                                                                                                                                 ;
			buildSettings = {
				CODE_SIGN_STYLE = Automatic                                                                                                                                                                               ;
				CURRENT_PROJECT_VERSION = 1                                                                                                                                                                               ;
				DEVELOPMENT_TEAM = KF8643NB33                                                                                                                                                                             ;
				GENERATE_INFOPLIST_FILE = YES                                                                                                                                                                             ;
				IPHONEOS_DEPLOYMENT_TARGET = 18.4                                                                                                                                                                         ;
				MACOSX_DEPLOYMENT_TARGET = 15.4                                                                                                                                                                           ;
				MARKETING_VERSION = 1.0                                                                                                                                                                                   ;
				PRODUCT_BUNDLE_IDENTIFIER = "collect.software.cognition-curatorUITests";
				PRODUCT_NAME = "$(TARGET_NAME)";
				SDKROOT = auto                                                                                                                                                                                            ;
				SUPPORTED_PLATFORMS = "iphoneos iphonesimulator macosx xros xrsimulator";
				SWIFT_EMIT_LOC_STRINGS = NO                                                                                                                                                                               ;
				SWIFT_VERSION = 5.0                                                                                                                                                                                       ;
				TARGETED_DEVICE_FAMILY = "1,2,7";
				TEST_TARGET_NAME = cognition.curator                                                                                                                                                                      ;
				XROS_DEPLOYMENT_TARGET = 2.4                                                                                                                                                                              ;
			}                                                                                                                                                                                                          ;
			name = Release                                                                                                                                                                                             ;
		}                                                                                                                                                                                                           ;
/* End XCBuildConfiguration section */

/* Begin XCConfigurationList section */
		A90944BC2E248E2C006C0B90 /* Build configuration list for PBXProject "cognition.curator" */ = {
			isa = XCConfigurationList                                                                                 ;
			buildConfigurations = (
				A90944E12E248E2D006C0B90 /* Debug */,
				A90944E22E248E2D006C0B90 /* Release */,
			)                                                                                                         ;
			defaultConfigurationIsVisible = 0                                                                         ;
			defaultConfigurationName = Release                                                                        ;
		}                                                                                                          ;
		A90944E32E248E2D006C0B90 /* Build configuration list for PBXNativeTarget "cognition.curator" */ = {
			isa = XCConfigurationList                                                                                 ;
			buildConfigurations = (
				A90944E42E248E2D006C0B90 /* Debug */,
				A90944E52E248E2D006C0B90 /* Release */,
			)                                                                                                         ;
			defaultConfigurationIsVisible = 0                                                                         ;
			defaultConfigurationName = Release                                                                        ;
		}                                                                                                          ;
		A90944E62E248E2D006C0B90 /* Build configuration list for PBXNativeTarget "cognition.curatorTests" */ = {
			isa = XCConfigurationList                                                                                 ;
			buildConfigurations = (
				A90944E72E248E2D006C0B90 /* Debug */,
				A90944E82E248E2D006C0B90 /* Release */,
			)                                                                                                         ;
			defaultConfigurationIsVisible = 0                                                                         ;
			defaultConfigurationName = Release                                                                        ;
		}                                                                                                          ;
		A90944E92E248E2D006C0B90 /* Build configuration list for PBXNativeTarget "cognition.curatorUITests" */ = {
			isa = XCConfigurationList                                                                                 ;
			buildConfigurations = (
				A90944EA2E248E2D006C0B90 /* Debug */,
				A90944EB2E248E2D006C0B90 /* Release */,
			)                                                                                                         ;
			defaultConfigurationIsVisible = 0                                                                         ;
			defaultConfigurationName = Release                                                                        ;
		}                                                                                                          ;
/* End XCConfigurationList section */
	}                                                                                                           ;
	rootObject = A90944B92E248E2C006C0B90 /* Project object */                                                  ;
}
